// !$*UTF8*$!
{
	archiveVersion = 1;
	classes = {
	};
	objectVersion = 56;
	objects = {

/* Begin PBXBuildFile section */
		046467342C0E59AB00B873C6 /* model.swift in Sources */ = {isa = PBXBuildFile; fileRef = 046467322C0E59AB00B873C6 /* model.swift */; };
		046467372C0E59C100B873C6 /* jsonManager.swift in Sources */ = {isa = PBXBuildFile; fileRef = 046467352C0E59C100B873C6 /* jsonManager.swift */; };
		046467392C0E59F100B873C6 /* dataManager.swift in Sources */ = {isa = PBXBuildFile; fileRef = 046467382C0E59F100B873C6 /* dataManager.swift */; };
		04996A322C0D14FB00783CF3 /* betterselfApp.swift in Sources */ = {isa = PBXBuildFile; fileRef = 04996A312C0D14FB00783CF3 /* betterselfApp.swift */; };
		04996A362C0D14FD00783CF3 /* Assets.xcassets in Resources */ = {isa = PBXBuildFile; fileRef = 04996A352C0D14FD00783CF3 /* Assets.xcassets */; };
		04996A392C0D14FD00783CF3 /* Preview Assets.xcassets in Resources */ = {isa = PBXBuildFile; fileRef = 04996A382C0D14FD00783CF3 /* Preview Assets.xcassets */; };
		04996A6C2C0D158500783CF3 /* newView.swift in Sources */ = {isa = PBXBuildFile; fileRef = 04996A682C0D158500783CF3 /* newView.swift */; };
		04996A6E2C0D158500783CF3 /* editView.swift in Sources */ = {isa = PBXBuildFile; fileRef = 04996A6B2C0D158500783CF3 /* editView.swift */; };
		04996A6F2C0D158500783CF3 /* detailView.swift in Sources */ = {isa = PBXBuildFile; fileRef = 04996A692C0D158500783CF3 /* detailView.swift */; };
		04996A702C0D158500783CF3 /* sectionView.swift in Sources */ = {isa = PBXBuildFile; fileRef = 04996A6A2C0D158500783CF3 /* sectionView.swift */; };
		04996A732C0D158500783CF3 /* contentView.swift in Sources */ = {isa = PBXBuildFile; fileRef = 04996A672C0D158500783CF3 /* contentView.swift */; };
		04996A742C0D158500783CF3 /* workoutView.swift in Sources */ = {isa = PBXBuildFile; fileRef = 04996A662C0D158500783CF3 /* workoutView.swift */; };
		04996A7B2C0D198C00783CF3 /* workout.xml in Resources */ = {isa = PBXBuildFile; fileRef = 04996A7A2C0D198C00783CF3 /* workout.xml */; };
		04996A7D2C0D1A2B00783CF3 /* loginView.swift in Sources */ = {isa = PBXBuildFile; fileRef = 04996A7C2C0D1A2B00783CF3 /* loginView.swift */; };
/* End PBXBuildFile section */

/* Begin PBXFileReference section */
		046467322C0E59AB00B873C6 /* model.swift */ = {isa = PBXFileReference; fileEncoding = 4; lastKnownFileType = sourcecode.swift; path = model.swift; sourceTree = "<group>"; };
		046467352C0E59C100B873C6 /* jsonManager.swift */ = {isa = PBXFileReference; fileEncoding = 4; lastKnownFileType = sourcecode.swift; path = jsonManager.swift; sourceTree = "<group>"; };
		046467382C0E59F100B873C6 /* dataManager.swift */ = {isa = PBXFileReference; lastKnownFileType = sourcecode.swift; path = dataManager.swift; sourceTree = "<group>"; };
		04996A2E2C0D14FB00783CF3 /* betterself.app */ = {isa = PBXFileReference; explicitFileType = wrapper.application; includeInIndex = 0; path = betterself.app; sourceTree = BUILT_PRODUCTS_DIR; };
		04996A312C0D14FB00783CF3 /* betterselfApp.swift */ = {isa = PBXFileReference; lastKnownFileType = sourcecode.swift; path = betterselfApp.swift; sourceTree = "<group>"; };
		04996A352C0D14FD00783CF3 /* Assets.xcassets */ = {isa = PBXFileReference; lastKnownFileType = folder.assetcatalog; path = Assets.xcassets; sourceTree = "<group>"; };
		04996A382C0D14FD00783CF3 /* Preview Assets.xcassets */ = {isa = PBXFileReference; lastKnownFileType = folder.assetcatalog; path = "Preview Assets.xcassets"; sourceTree = "<group>"; };
		04996A5F2C0D158400783CF3 /* Assets.xcassets */ = {isa = PBXFileReference; lastKnownFileType = folder.assetcatalog; name = Assets.xcassets; path = "../../../Documents/BetterSelf-iOS/Assets.xcassets"; sourceTree = "<group>"; };
		04996A662C0D158500783CF3 /* workoutView.swift */ = {isa = PBXFileReference; lastKnownFileType = sourcecode.swift; path = workoutView.swift; sourceTree = "<group>"; };
		04996A672C0D158500783CF3 /* contentView.swift */ = {isa = PBXFileReference; lastKnownFileType = sourcecode.swift; path = contentView.swift; sourceTree = "<group>"; };
		04996A682C0D158500783CF3 /* newView.swift */ = {isa = PBXFileReference; lastKnownFileType = sourcecode.swift; path = newView.swift; sourceTree = "<group>"; };
		04996A692C0D158500783CF3 /* detailView.swift */ = {isa = PBXFileReference; lastKnownFileType = sourcecode.swift; path = detailView.swift; sourceTree = "<group>"; };
		04996A6A2C0D158500783CF3 /* sectionView.swift */ = {isa = PBXFileReference; lastKnownFileType = sourcecode.swift; path = sectionView.swift; sourceTree = "<group>"; };
		04996A6B2C0D158500783CF3 /* editView.swift */ = {isa = PBXFileReference; lastKnownFileType = sourcecode.swift; path = editView.swift; sourceTree = "<group>"; };
		04996A7A2C0D198C00783CF3 /* workout.xml */ = {isa = PBXFileReference; fileEncoding = 4; lastKnownFileType = text.xml; path = workout.xml; sourceTree = "<group>"; };
		04996A7C2C0D1A2B00783CF3 /* loginView.swift */ = {isa = PBXFileReference; lastKnownFileType = sourcecode.swift; path = loginView.swift; sourceTree = "<group>"; };
/* End PBXFileReference section */

/* Begin PBXFrameworksBuildPhase section */
		04996A2B2C0D14FB00783CF3 /* Frameworks */ = {
			isa = PBXFrameworksBuildPhase;
			buildActionMask = 2147483647;
			files = (
			);
			runOnlyForDeploymentPostprocessing = 0;
		};
/* End PBXFrameworksBuildPhase section */

/* Begin PBXGroup section */
		046467332C0E59AB00B873C6 /* model */ = {
			isa = PBXGroup;
			children = (
				046467322C0E59AB00B873C6 /* model.swift */,
			);
			path = model;
			sourceTree = "<group>";
		};
		046467362C0E59C100B873C6 /* controller */ = {
			isa = PBXGroup;
			children = (
				046467352C0E59C100B873C6 /* jsonManager.swift */,
				046467382C0E59F100B873C6 /* dataManager.swift */,
			);
			path = controller;
			sourceTree = "<group>";
		};
		04996A252C0D14FB00783CF3 = {
			isa = PBXGroup;
			children = (
				04996A302C0D14FB00783CF3 /* betterself */,
				04996A2F2C0D14FB00783CF3 /* Products */,
			);
			sourceTree = "<group>";
		};
		04996A2F2C0D14FB00783CF3 /* Products */ = {
			isa = PBXGroup;
			children = (
				04996A2E2C0D14FB00783CF3 /* betterself.app */,
			);
			name = Products;
			sourceTree = "<group>";
		};
		04996A302C0D14FB00783CF3 /* betterself */ = {
			isa = PBXGroup;
			children = (
				04996A632C0D158500783CF3 /* data */,
				04996A652C0D158500783CF3 /* view */,
				04996A5F2C0D158400783CF3 /* Assets.xcassets */,
				04996A312C0D14FB00783CF3 /* betterselfApp.swift */,
				04996A352C0D14FD00783CF3 /* Assets.xcassets */,
				046467362C0E59C100B873C6 /* controller */,
				046467332C0E59AB00B873C6 /* model */,
				04996A372C0D14FD00783CF3 /* Preview Content */,
			);
			path = betterself;
			sourceTree = "<group>";
		};
		04996A372C0D14FD00783CF3 /* Preview Content */ = {
			isa = PBXGroup;
			children = (
				04996A382C0D14FD00783CF3 /* Preview Assets.xcassets */,
			);
			path = "Preview Content";
			sourceTree = "<group>";
		};
		04996A632C0D158500783CF3 /* data */ = {
			isa = PBXGroup;
			children = (
				04996A7A2C0D198C00783CF3 /* workout.xml */,
			);
			path = data;
			sourceTree = "<group>";
		};
		04996A652C0D158500783CF3 /* view */ = {
			isa = PBXGroup;
			children = (
				04996A672C0D158500783CF3 /* contentView.swift */,
				04996A692C0D158500783CF3 /* detailView.swift */,
				04996A6B2C0D158500783CF3 /* editView.swift */,
				04996A682C0D158500783CF3 /* newView.swift */,
				04996A6A2C0D158500783CF3 /* sectionView.swift */,
				04996A662C0D158500783CF3 /* workoutView.swift */,
				04996A7C2C0D1A2B00783CF3 /* loginView.swift */,
			);
			path = view;
			sourceTree = "<group>";
		};
/* End PBXGroup section */

/* Begin PBXNativeTarget section */
		04996A2D2C0D14FB00783CF3 /* betterself */ = {
			isa = PBXNativeTarget;
			buildConfigurationList = 04996A3C2C0D14FD00783CF3 /* Build configuration list for PBXNativeTarget "betterself" */;
			buildPhases = (
				04996A2A2C0D14FB00783CF3 /* Sources */,
				04996A2B2C0D14FB00783CF3 /* Frameworks */,
				04996A2C2C0D14FB00783CF3 /* Resources */,
			);
			buildRules = (
			);
			dependencies = (
			);
			name = betterself;
			productName = betterself;
			productReference = 04996A2E2C0D14FB00783CF3 /* betterself.app */;
			productType = "com.apple.product-type.application";
		};
/* End PBXNativeTarget section */

/* Begin PBXProject section */
		04996A262C0D14FB00783CF3 /* Project object */ = {
			isa = PBXProject;
			attributes = {
				BuildIndependentTargetsInParallel = 1;
				LastSwiftUpdateCheck = 1540;
				LastUpgradeCheck = 1540;
				TargetAttributes = {
					04996A2D2C0D14FB00783CF3 = {
						CreatedOnToolsVersion = 15.4;
					};
				};
			};
			buildConfigurationList = 04996A292C0D14FB00783CF3 /* Build configuration list for PBXProject "betterself" */;
			compatibilityVersion = "Xcode 14.0";
			developmentRegion = en;
			hasScannedForEncodings = 0;
			knownRegions = (
				en,
				Base,
			);
			mainGroup = 04996A252C0D14FB00783CF3;
			productRefGroup = 04996A2F2C0D14FB00783CF3 /* Products */;
			projectDirPath = "";
			projectRoot = "";
			targets = (
				04996A2D2C0D14FB00783CF3 /* betterself */,
			);
		};
/* End PBXProject section */

/* Begin PBXResourcesBuildPhase section */
		04996A2C2C0D14FB00783CF3 /* Resources */ = {
			isa = PBXResourcesBuildPhase;
			buildActionMask = 2147483647;
			files = (
				04996A7B2C0D198C00783CF3 /* workout.xml in Resources */,
				04996A392C0D14FD00783CF3 /* Preview Assets.xcassets in Resources */,
				04996A362C0D14FD00783CF3 /* Assets.xcassets in Resources */,
			);
			runOnlyForDeploymentPostprocessing = 0;
		};
/* End PBXResourcesBuildPhase section */

/* Begin PBXSourcesBuildPhase section */
		04996A2A2C0D14FB00783CF3 /* Sources */ = {
			isa = PBXSourcesBuildPhase;
			buildActionMask = 2147483647;
			files = (
				04996A6C2C0D158500783CF3 /* newView.swift in Sources */,
				04996A7D2C0D1A2B00783CF3 /* loginView.swift in Sources */,
				04996A732C0D158500783CF3 /* contentView.swift in Sources */,
				04996A6F2C0D158500783CF3 /* detailView.swift in Sources */,
				04996A322C0D14FB00783CF3 /* betterselfApp.swift in Sources */,
				046467372C0E59C100B873C6 /* jsonManager.swift in Sources */,
				04996A742C0D158500783CF3 /* workoutView.swift in Sources */,
				046467392C0E59F100B873C6 /* dataManager.swift in Sources */,
				04996A702C0D158500783CF3 /* sectionView.swift in Sources */,
				046467342C0E59AB00B873C6 /* model.swift in Sources */,
				04996A6E2C0D158500783CF3 /* editView.swift in Sources */,
			);
			runOnlyForDeploymentPostprocessing = 0;
		};
/* End PBXSourcesBuildPhase section */

/* Begin XCBuildConfiguration section */
		04996A3A2C0D14FD00783CF3 /* Debug */ = {
			isa = XCBuildConfiguration;
			buildSettings = {
				ALWAYS_SEARCH_USER_PATHS = NO;
				ASSETCATALOG_COMPILER_GENERATE_SWIFT_ASSET_SYMBOL_EXTENSIONS = YES;
				CLANG_ANALYZER_NONNULL = YES;
				CLANG_ANALYZER_NUMBER_OBJECT_CONVERSION = YES_AGGRESSIVE;
				CLANG_CXX_LANGUAGE_STANDARD = "gnu++20";
				CLANG_ENABLE_MODULES = YES;
				CLANG_ENABLE_OBJC_ARC = YES;
				CLANG_ENABLE_OBJC_WEAK = YES;
				CLANG_WARN_BLOCK_CAPTURE_AUTORELEASING = YES;
				CLANG_WARN_BOOL_CONVERSION = YES;
				CLANG_WARN_COMMA = YES;
				CLANG_WARN_CONSTANT_CONVERSION = YES;
				CLANG_WARN_DEPRECATED_OBJC_IMPLEMENTATIONS = YES;
				CLANG_WARN_DIRECT_OBJC_ISA_USAGE = YES_ERROR;
				CLANG_WARN_DOCUMENTATION_COMMENTS = YES;
				CLANG_WARN_EMPTY_BODY = YES;
				CLANG_WARN_ENUM_CONVERSION = YES;
				CLANG_WARN_INFINITE_RECURSION = YES;
				CLANG_WARN_INT_CONVERSION = YES;
				CLANG_WARN_NON_LITERAL_NULL_CONVERSION = YES;
				CLANG_WARN_OBJC_IMPLICIT_RETAIN_SELF = YES;
				CLANG_WARN_OBJC_LITERAL_CONVERSION = YES;
				CLANG_WARN_OBJC_ROOT_CLASS = YES_ERROR;
				CLANG_WARN_QUOTED_INCLUDE_IN_FRAMEWORK_HEADER = YES;
				CLANG_WARN_RANGE_LOOP_ANALYSIS = YES;
				CLANG_WARN_STRICT_PROTOTYPES = YES;
				CLANG_WARN_SUSPICIOUS_MOVE = YES;
				CLANG_WARN_UNGUARDED_AVAILABILITY = YES_AGGRESSIVE;
				CLANG_WARN_UNREACHABLE_CODE = YES;
				CLANG_WARN__DUPLICATE_METHOD_MATCH = YES;
				COPY_PHASE_STRIP = NO;
				DEBUG_INFORMATION_FORMAT = dwarf;
				ENABLE_STRICT_OBJC_MSGSEND = YES;
				ENABLE_TESTABILITY = YES;
				ENABLE_USER_SCRIPT_SANDBOXING = YES;
				GCC_C_LANGUAGE_STANDARD = gnu17;
				GCC_DYNAMIC_NO_PIC = NO;
				GCC_NO_COMMON_BLOCKS = YES;
				GCC_OPTIMIZATION_LEVEL = 0;
				GCC_PREPROCESSOR_DEFINITIONS = (
					"DEBUG=1",
					"$(inherited)",
				);
				GCC_WARN_64_TO_32_BIT_CONVERSION = YES;
				GCC_WARN_ABOUT_RETURN_TYPE = YES_ERROR;
				GCC_WARN_UNDECLARED_SELECTOR = YES;
				GCC_WARN_UNINITIALIZED_AUTOS = YES_AGGRESSIVE;
				GCC_WARN_UNUSED_FUNCTION = YES;
				GCC_WARN_UNUSED_VARIABLE = YES;
				IPHONEOS_DEPLOYMENT_TARGET = 17.5;
				LOCALIZATION_PREFERS_STRING_CATALOGS = YES;
				MTL_ENABLE_DEBUG_INFO = INCLUDE_SOURCE;
				MTL_FAST_MATH = YES;
				ONLY_ACTIVE_ARCH = YES;
				SDKROOT = iphoneos;
				SWIFT_ACTIVE_COMPILATION_CONDITIONS = "DEBUG $(inherited)";
				SWIFT_OPTIMIZATION_LEVEL = "-Onone";
			};
			name = Debug;
		};
		04996A3B2C0D14FD00783CF3 /* Release */ = {
			isa = XCBuildConfiguration;
			buildSettings = {
				ALWAYS_SEARCH_USER_PATHS = NO;
				ASSETCATALOG_COMPILER_GENERATE_SWIFT_ASSET_SYMBOL_EXTENSIONS = YES;
				CLANG_ANALYZER_NONNULL = YES;
				CLANG_ANALYZER_NUMBER_OBJECT_CONVERSION = YES_AGGRESSIVE;
				CLANG_CXX_LANGUAGE_STANDARD = "gnu++20";
				CLANG_ENABLE_MODULES = YES;
				CLANG_ENABLE_OBJC_ARC = YES;
				CLANG_ENABLE_OBJC_WEAK = YES;
				CLANG_WARN_BLOCK_CAPTURE_AUTORELEASING = YES;
				CLANG_WARN_BOOL_CONVERSION = YES;
				CLANG_WARN_COMMA = YES;
				CLANG_WARN_CONSTANT_CONVERSION = YES;
				CLANG_WARN_DEPRECATED_OBJC_IMPLEMENTATIONS = YES;
				CLANG_WARN_DIRECT_OBJC_ISA_USAGE = YES_ERROR;
				CLANG_WARN_DOCUMENTATION_COMMENTS = YES;
				CLANG_WARN_EMPTY_BODY = YES;
				CLANG_WARN_ENUM_CONVERSION = YES;
				CLANG_WARN_INFINITE_RECURSION = YES;
				CLANG_WARN_INT_CONVERSION = YES;
				CLANG_WARN_NON_LITERAL_NULL_CONVERSION = YES;
				CLANG_WARN_OBJC_IMPLICIT_RETAIN_SELF = YES;
				CLANG_WARN_OBJC_LITERAL_CONVERSION = YES;
				CLANG_WARN_OBJC_ROOT_CLASS = YES_ERROR;
				CLANG_WARN_QUOTED_INCLUDE_IN_FRAMEWORK_HEADER = YES;
				CLANG_WARN_RANGE_LOOP_ANALYSIS = YES;
				CLANG_WARN_STRICT_PROTOTYPES = YES;
				CLANG_WARN_SUSPICIOUS_MOVE = YES;
				CLANG_WARN_UNGUARDED_AVAILABILITY = YES_AGGRESSIVE;
				CLANG_WARN_UNREACHABLE_CODE = YES;
				CLANG_WARN__DUPLICATE_METHOD_MATCH = YES;
				COPY_PHASE_STRIP = NO;
				DEBUG_INFORMATION_FORMAT = "dwarf-with-dsym";
				ENABLE_NS_ASSERTIONS = NO;
				ENABLE_STRICT_OBJC_MSGSEND = YES;
				ENABLE_USER_SCRIPT_SANDBOXING = YES;
				GCC_C_LANGUAGE_STANDARD = gnu17;
				GCC_NO_COMMON_BLOCKS = YES;
				GCC_WARN_64_TO_32_BIT_CONVERSION = YES;
				GCC_WARN_ABOUT_RETURN_TYPE = YES_ERROR;
				GCC_WARN_UNDECLARED_SELECTOR = YES;
				GCC_WARN_UNINITIALIZED_AUTOS = YES_AGGRESSIVE;
				GCC_WARN_UNUSED_FUNCTION = YES;
				GCC_WARN_UNUSED_VARIABLE = YES;
				IPHONEOS_DEPLOYMENT_TARGET = 17.5;
				LOCALIZATION_PREFERS_STRING_CATALOGS = YES;
				MTL_ENABLE_DEBUG_INFO = NO;
				MTL_FAST_MATH = YES;
				SDKROOT = iphoneos;
				SWIFT_COMPILATION_MODE = wholemodule;
				VALIDATE_PRODUCT = YES;
			};
			name = Release;
		};
		04996A3D2C0D14FD00783CF3 /* Debug */ = {
			isa = XCBuildConfiguration;
			buildSettings = {
				ASSETCATALOG_COMPILER_APPICON_NAME = AppIcon;
				ASSETCATALOG_COMPILER_GLOBAL_ACCENT_COLOR_NAME = AccentColor;
				CODE_SIGN_STYLE = Automatic;
				CURRENT_PROJECT_VERSION = 1;
				DEVELOPMENT_ASSET_PATHS = "\"betterself/Preview Content\"";
				DEVELOPMENT_TEAM = 9WJSCZYWZ6;
				ENABLE_PREVIEWS = YES;
				GENERATE_INFOPLIST_FILE = YES;
				INFOPLIST_KEY_UIApplicationSceneManifest_Generation = YES;
				INFOPLIST_KEY_UIApplicationSupportsIndirectInputEvents = YES;
				INFOPLIST_KEY_UILaunchScreen_Generation = YES;
				INFOPLIST_KEY_UISupportedInterfaceOrientations_iPad = "UIInterfaceOrientationPortrait UIInterfaceOrientationPortraitUpsideDown UIInterfaceOrientationLandscapeLeft UIInterfaceOrientationLandscapeRight";
				INFOPLIST_KEY_UISupportedInterfaceOrientations_iPhone = "UIInterfaceOrientationPortrait UIInterfaceOrientationLandscapeLeft UIInterfaceOrientationLandscapeRight";
				LD_RUNPATH_SEARCH_PATHS = (
					"$(inherited)",
					"@executable_path/Frameworks",
				);
				MARKETING_VERSION = 1.0;
				PRODUCT_BUNDLE_IDENTIFIER = dev.jack0217.betterself;
				PRODUCT_NAME = "$(TARGET_NAME)";
				SWIFT_EMIT_LOC_STRINGS = YES;
				SWIFT_VERSION = 5.0;
				TARGETED_DEVICE_FAMILY = "1,2";
			};
			name = Debug;
		};
		04996A3E2C0D14FD00783CF3 /* Release */ = {
			isa = XCBuildConfiguration;
			buildSettings = {
				ASSETCATALOG_COMPILER_APPICON_NAME = AppIcon;
				ASSETCATALOG_COMPILER_GLOBAL_ACCENT_COLOR_NAME = AccentColor;
				CODE_SIGN_STYLE = Automatic;
				CURRENT_PROJECT_VERSION = 1;
				DEVELOPMENT_ASSET_PATHS = "\"betterself/Preview Content\"";
				DEVELOPMENT_TEAM = 9WJSCZYWZ6;
				ENABLE_PREVIEWS = YES;
				GENERATE_INFOPLIST_FILE = YES;
				INFOPLIST_KEY_UIApplicationSceneManifest_Generation = YES;
				INFOPLIST_KEY_UIApplicationSupportsIndirectInputEvents = YES;
				INFOPLIST_KEY_UILaunchScreen_Generation = YES;
				INFOPLIST_KEY_UISupportedInterfaceOrientations_iPad = "UIInterfaceOrientationPortrait UIInterfaceOrientationPortraitUpsideDown UIInterfaceOrientationLandscapeLeft UIInterfaceOrientationLandscapeRight";
				INFOPLIST_KEY_UISupportedInterfaceOrientations_iPhone = "UIInterfaceOrientationPortrait UIInterfaceOrientationLandscapeLeft UIInterfaceOrientationLandscapeRight";
				LD_RUNPATH_SEARCH_PATHS = (
					"$(inherited)",
					"@executable_path/Frameworks",
				);
				MARKETING_VERSION = 1.0;
				PRODUCT_BUNDLE_IDENTIFIER = dev.jack0217.betterself;
				PRODUCT_NAME = "$(TARGET_NAME)";
				SWIFT_EMIT_LOC_STRINGS = YES;
				SWIFT_VERSION = 5.0;
				TARGETED_DEVICE_FAMILY = "1,2";
			};
			name = Release;
		};
/* End XCBuildConfiguration section */

/* Begin XCConfigurationList section */
		04996A292C0D14FB00783CF3 /* Build configuration list for PBXProject "betterself" */ = {
			isa = XCConfigurationList;
			buildConfigurations = (
				04996A3A2C0D14FD00783CF3 /* Debug */,
				04996A3B2C0D14FD00783CF3 /* Release */,
			);
			defaultConfigurationIsVisible = 0;
			defaultConfigurationName = Release;
		};
		04996A3C2C0D14FD00783CF3 /* Build configuration list for PBXNativeTarget "betterself" */ = {
			isa = XCConfigurationList;
			buildConfigurations = (
				04996A3D2C0D14FD00783CF3 /* Debug */,
				04996A3E2C0D14FD00783CF3 /* Release */,
			);
			defaultConfigurationIsVisible = 0;
			defaultConfigurationName = Release;
		};
/* End XCConfigurationList section */
	};
	rootObject = 04996A262C0D14FB00783CF3 /* Project object */;
}
